// !$*UTF8*$!
{
	archiveVersion = 1;
	classes = {
	};
	objectVersion = 77;
	objects = {

/* Begin PBXBuildFile section */
		DF0715722D5B77B0001CFF31 /* RealmSwift in Frameworks */ = {isa = PBXBuildFile; productRef = DF0715712D5B77B0001CFF31 /* RealmSwift */; };
		DF0715732D5B7874001CFF31 /* RealmSwift in Embed Frameworks */ = {isa = PBXBuildFile; productRef = DF0715712D5B77B0001CFF31 /* RealmSwift */; settings = {ATTRIBUTES = (CodeSignOnCopy, ); }; };
		DF1764912D5139F9003FA3B3 /* PopupView in Frameworks */ = {isa = PBXBuildFile; productRef = DF1764902D5139F9003FA3B3 /* PopupView */; };
		DF37A23C2D650693000D0CCB /* PrivacyInfo.xcprivacy in Resources */ = {isa = PBXBuildFile; fileRef = DF37A23B2D650693000D0CCB /* PrivacyInfo.xcprivacy */; };
		DF8D2B392D527EC10081561A /* Logging in Frameworks */ = {isa = PBXBuildFile; productRef = DF8D2B382D527EC10081561A /* Logging */; };
		DF9D5F772D42572F00042314 /* NMapsMap in Frameworks */ = {isa = PBXBuildFile; productRef = DF9D5F762D42572F00042314 /* NMapsMap */; };
		DFA57A742D35241F001E785A /* .gitignore in Resources */ = {isa = PBXBuildFile; fileRef = DFA57A732D35241F001E785A /* .gitignore */; };
		DFA57A802D3527E4001E785A /* Alamofire in Frameworks */ = {isa = PBXBuildFile; productRef = DFA57A7F2D3527E4001E785A /* Alamofire */; };
		DFA57A832D3527F4001E785A /* Kingfisher in Frameworks */ = {isa = PBXBuildFile; productRef = DFA57A822D3527F4001E785A /* Kingfisher */; };
		DFA57A862D35282C001E785A /* ComposableArchitecture in Frameworks */ = {isa = PBXBuildFile; productRef = DFA57A852D35282C001E785A /* ComposableArchitecture */; };
		DFA57A892D352840001E785A /* TCACoordinators in Frameworks */ = {isa = PBXBuildFile; productRef = DFA57A882D352840001E785A /* TCACoordinators */; };
		DFA57A912D355A13001E785A /* GoogleSignIn in Frameworks */ = {isa = PBXBuildFile; productRef = DFA57A902D355A13001E785A /* GoogleSignIn */; };
		DFA57A932D355A13001E785A /* GoogleSignInSwift in Frameworks */ = {isa = PBXBuildFile; productRef = DFA57A922D355A13001E785A /* GoogleSignInSwift */; };
/* End PBXBuildFile section */

/* Begin PBXCopyFilesBuildPhase section */
		DF0715612D5B734F001CFF31 /* Embed Frameworks */ = {
			isa = PBXCopyFilesBuildPhase;
			buildActionMask = 2147483647;
			dstPath = "";
			dstSubfolderSpec = 10;
			files = (
				DF0715732D5B7874001CFF31 /* RealmSwift in Embed Frameworks */,
			);
			name = "Embed Frameworks";
			runOnlyForDeploymentPostprocessing = 0;
		};
/* End PBXCopyFilesBuildPhase section */

/* Begin PBXFileReference section */
		DF37A23B2D650693000D0CCB /* PrivacyInfo.xcprivacy */ = {isa = PBXFileReference; lastKnownFileType = text.xml; path = PrivacyInfo.xcprivacy; sourceTree = "<group>"; };
		DFA57A602D35214B001E785A /* Patata.app */ = {isa = PBXFileReference; explicitFileType = wrapper.application; includeInIndex = 0; path = Patata.app; sourceTree = BUILT_PRODUCTS_DIR; };
		DFA57A732D35241F001E785A /* .gitignore */ = {isa = PBXFileReference; lastKnownFileType = text; path = .gitignore; sourceTree = "<group>"; };
/* End PBXFileReference section */

/* Begin PBXFileSystemSynchronizedBuildFileExceptionSet section */
		DFA57A962D355CA7001E785A /* Exceptions for "Patata" folder in "Patata" target */ = {
			isa = PBXFileSystemSynchronizedBuildFileExceptionSet;
			membershipExceptions = (
				Info.plist,
			);
			target = DFA57A5F2D35214B001E785A /* Patata */;
		};
/* End PBXFileSystemSynchronizedBuildFileExceptionSet section */

/* Begin PBXFileSystemSynchronizedRootGroup section */
		DFA57A622D35214B001E785A /* Patata */ = {
			isa = PBXFileSystemSynchronizedRootGroup;
			exceptions = (
				DFA57A962D355CA7001E785A /* Exceptions for "Patata" folder in "Patata" target */,
			);
			path = Patata;
			sourceTree = "<group>";
		};
/* End PBXFileSystemSynchronizedRootGroup section */

/* Begin PBXFrameworksBuildPhase section */
		DFA57A5D2D35214B001E785A /* Frameworks */ = {
			isa = PBXFrameworksBuildPhase;
			buildActionMask = 2147483647;
			files = (
				DF8D2B392D527EC10081561A /* Logging in Frameworks */,
				DF1764912D5139F9003FA3B3 /* PopupView in Frameworks */,
				DFA57A912D355A13001E785A /* GoogleSignIn in Frameworks */,
				DFA57A832D3527F4001E785A /* Kingfisher in Frameworks */,
				DFA57A802D3527E4001E785A /* Alamofire in Frameworks */,
				DF9D5F772D42572F00042314 /* NMapsMap in Frameworks */,
				DFA57A932D355A13001E785A /* GoogleSignInSwift in Frameworks */,
				DFA57A892D352840001E785A /* TCACoordinators in Frameworks */,
				DF0715722D5B77B0001CFF31 /* RealmSwift in Frameworks */,
				DFA57A862D35282C001E785A /* ComposableArchitecture in Frameworks */,
			);
			runOnlyForDeploymentPostprocessing = 0;
		};
/* End PBXFrameworksBuildPhase section */

/* Begin PBXGroup section */
		DFA57A572D35214B001E785A = {
			isa = PBXGroup;
			children = (
				DF37A23B2D650693000D0CCB /* PrivacyInfo.xcprivacy */,
				DFA57A732D35241F001E785A /* .gitignore */,
				DFA57A622D35214B001E785A /* Patata */,
				DFA57A612D35214B001E785A /* Products */,
			);
			sourceTree = "<group>";
		};
		DFA57A612D35214B001E785A /* Products */ = {
			isa = PBXGroup;
			children = (
				DFA57A602D35214B001E785A /* Patata.app */,
			);
			name = Products;
			sourceTree = "<group>";
		};
/* End PBXGroup section */

/* Begin PBXNativeTarget section */
		DFA57A5F2D35214B001E785A /* Patata */ = {
			isa = PBXNativeTarget;
			buildConfigurationList = DFA57A6E2D35214D001E785A /* Build configuration list for PBXNativeTarget "Patata" */;
			buildPhases = (
				DFA57A5C2D35214B001E785A /* Sources */,
				DFA57A5D2D35214B001E785A /* Frameworks */,
				DFA57A5E2D35214B001E785A /* Resources */,
				DF0715612D5B734F001CFF31 /* Embed Frameworks */,
			);
			buildRules = (
			);
			dependencies = (
			);
			fileSystemSynchronizedGroups = (
				DFA57A622D35214B001E785A /* Patata */,
			);
			name = Patata;
			packageProductDependencies = (
				DFA57A7F2D3527E4001E785A /* Alamofire */,
				DFA57A822D3527F4001E785A /* Kingfisher */,
				DFA57A852D35282C001E785A /* ComposableArchitecture */,
				DFA57A882D352840001E785A /* TCACoordinators */,
				DFA57A902D355A13001E785A /* GoogleSignIn */,
				DFA57A922D355A13001E785A /* GoogleSignInSwift */,
				DF9D5F762D42572F00042314 /* NMapsMap */,
				DF1764902D5139F9003FA3B3 /* PopupView */,
				DF8D2B382D527EC10081561A /* Logging */,
				DF0715712D5B77B0001CFF31 /* RealmSwift */,
			);
			productName = Patata;
			productReference = DFA57A602D35214B001E785A /* Patata.app */;
			productType = "com.apple.product-type.application";
		};
/* End PBXNativeTarget section */

/* Begin PBXProject section */
		DFA57A582D35214B001E785A /* Project object */ = {
			isa = PBXProject;
			attributes = {
				BuildIndependentTargetsInParallel = 1;
				LastSwiftUpdateCheck = 1620;
				LastUpgradeCheck = 1620;
				TargetAttributes = {
					DFA57A5F2D35214B001E785A = {
						CreatedOnToolsVersion = 16.2;
					};
				};
			};
			buildConfigurationList = DFA57A5B2D35214B001E785A /* Build configuration list for PBXProject "Patata" */;
			developmentRegion = en;
			hasScannedForEncodings = 0;
			knownRegions = (
				en,
				Base,
			);
			mainGroup = DFA57A572D35214B001E785A;
			minimizedProjectReferenceProxies = 1;
			packageReferences = (
				DFA57A7E2D3527E4001E785A /* XCRemoteSwiftPackageReference "Alamofire" */,
				DFA57A812D3527F4001E785A /* XCRemoteSwiftPackageReference "Kingfisher" */,
				DFA57A842D35282C001E785A /* XCRemoteSwiftPackageReference "swift-composable-architecture" */,
				DFA57A872D352840001E785A /* XCRemoteSwiftPackageReference "TCACoordinators" */,
				DFA57A8F2D355A13001E785A /* XCRemoteSwiftPackageReference "GoogleSignIn-iOS" */,
				DF9D5F752D42572F00042314 /* XCRemoteSwiftPackageReference "SPM-NMapsMap" */,
				DF17648F2D5139F9003FA3B3 /* XCRemoteSwiftPackageReference "PopupView" */,
				DF8D2B372D527EC10081561A /* XCRemoteSwiftPackageReference "swift-log" */,
				DF0715702D5B77B0001CFF31 /* XCRemoteSwiftPackageReference "realm-swift" */,
			);
			preferredProjectObjectVersion = 77;
			productRefGroup = DFA57A612D35214B001E785A /* Products */;
			projectDirPath = "";
			projectRoot = "";
			targets = (
				DFA57A5F2D35214B001E785A /* Patata */,
			);
		};
/* End PBXProject section */

/* Begin PBXResourcesBuildPhase section */
		DFA57A5E2D35214B001E785A /* Resources */ = {
			isa = PBXResourcesBuildPhase;
			buildActionMask = 2147483647;
			files = (
				DF37A23C2D650693000D0CCB /* PrivacyInfo.xcprivacy in Resources */,
				DFA57A742D35241F001E785A /* .gitignore in Resources */,
			);
			runOnlyForDeploymentPostprocessing = 0;
		};
/* End PBXResourcesBuildPhase section */

/* Begin PBXSourcesBuildPhase section */
		DFA57A5C2D35214B001E785A /* Sources */ = {
			isa = PBXSourcesBuildPhase;
			buildActionMask = 2147483647;
			files = (
			);
			runOnlyForDeploymentPostprocessing = 0;
		};
/* End PBXSourcesBuildPhase section */

/* Begin XCBuildConfiguration section */
		DFA57A6C2D35214D001E785A /* Debug */ = {
			isa = XCBuildConfiguration;
			buildSettings = {
				ALWAYS_SEARCH_USER_PATHS = NO;
				ASSETCATALOG_COMPILER_GENERATE_SWIFT_ASSET_SYMBOL_EXTENSIONS = YES;
				CLANG_ANALYZER_NONNULL = YES;
				CLANG_ANALYZER_NUMBER_OBJECT_CONVERSION = YES_AGGRESSIVE;
				CLANG_CXX_LANGUAGE_STANDARD = "gnu++20";
				CLANG_ENABLE_MODULES = YES;
				CLANG_ENABLE_OBJC_ARC = YES;
				CLANG_ENABLE_OBJC_WEAK = YES;
				CLANG_WARN_BLOCK_CAPTURE_AUTORELEASING = YES;
				CLANG_WARN_BOOL_CONVERSION = YES;
				CLANG_WARN_COMMA = YES;
				CLANG_WARN_CONSTANT_CONVERSION = YES;
				CLANG_WARN_DEPRECATED_OBJC_IMPLEMENTATIONS = YES;
				CLANG_WARN_DIRECT_OBJC_ISA_USAGE = YES_ERROR;
				CLANG_WARN_DOCUMENTATION_COMMENTS = YES;
				CLANG_WARN_EMPTY_BODY = YES;
				CLANG_WARN_ENUM_CONVERSION = YES;
				CLANG_WARN_INFINITE_RECURSION = YES;
				CLANG_WARN_INT_CONVERSION = YES;
				CLANG_WARN_NON_LITERAL_NULL_CONVERSION = YES;
				CLANG_WARN_OBJC_IMPLICIT_RETAIN_SELF = YES;
				CLANG_WARN_OBJC_LITERAL_CONVERSION = YES;
				CLANG_WARN_OBJC_ROOT_CLASS = YES_ERROR;
				CLANG_WARN_QUOTED_INCLUDE_IN_FRAMEWORK_HEADER = YES;
				CLANG_WARN_RANGE_LOOP_ANALYSIS = YES;
				CLANG_WARN_STRICT_PROTOTYPES = YES;
				CLANG_WARN_SUSPICIOUS_MOVE = YES;
				CLANG_WARN_UNGUARDED_AVAILABILITY = YES_AGGRESSIVE;
				CLANG_WARN_UNREACHABLE_CODE = YES;
				CLANG_WARN__DUPLICATE_METHOD_MATCH = YES;
				COPY_PHASE_STRIP = NO;
				DEBUG_INFORMATION_FORMAT = dwarf;
				ENABLE_STRICT_OBJC_MSGSEND = YES;
				ENABLE_TESTABILITY = YES;
				ENABLE_USER_SCRIPT_SANDBOXING = YES;
				GCC_C_LANGUAGE_STANDARD = gnu17;
				GCC_DYNAMIC_NO_PIC = NO;
				GCC_NO_COMMON_BLOCKS = YES;
				GCC_OPTIMIZATION_LEVEL = 0;
				GCC_PREPROCESSOR_DEFINITIONS = (
					"DEBUG=1",
					"$(inherited)",
				);
				GCC_WARN_64_TO_32_BIT_CONVERSION = YES;
				GCC_WARN_ABOUT_RETURN_TYPE = YES_ERROR;
				GCC_WARN_UNDECLARED_SELECTOR = YES;
				GCC_WARN_UNINITIALIZED_AUTOS = YES_AGGRESSIVE;
				GCC_WARN_UNUSED_FUNCTION = YES;
				GCC_WARN_UNUSED_VARIABLE = YES;
				IPHONEOS_DEPLOYMENT_TARGET = 16.6;
				LOCALIZATION_PREFERS_STRING_CATALOGS = YES;
				MTL_ENABLE_DEBUG_INFO = INCLUDE_SOURCE;
				MTL_FAST_MATH = YES;
				ONLY_ACTIVE_ARCH = YES;
				SDKROOT = iphoneos;
				SWIFT_ACTIVE_COMPILATION_CONDITIONS = "DEBUG $(inherited)";
				SWIFT_OPTIMIZATION_LEVEL = "-Onone";
			};
			name = Debug;
		};
		DFA57A6D2D35214D001E785A /* Release */ = {
			isa = XCBuildConfiguration;
			buildSettings = {
				ALWAYS_SEARCH_USER_PATHS = NO;
				ASSETCATALOG_COMPILER_GENERATE_SWIFT_ASSET_SYMBOL_EXTENSIONS = YES;
				CLANG_ANALYZER_NONNULL = YES;
				CLANG_ANALYZER_NUMBER_OBJECT_CONVERSION = YES_AGGRESSIVE;
				CLANG_CXX_LANGUAGE_STANDARD = "gnu++20";
				CLANG_ENABLE_MODULES = YES;
				CLANG_ENABLE_OBJC_ARC = YES;
				CLANG_ENABLE_OBJC_WEAK = YES;
				CLANG_WARN_BLOCK_CAPTURE_AUTORELEASING = YES;
				CLANG_WARN_BOOL_CONVERSION = YES;
				CLANG_WARN_COMMA = YES;
				CLANG_WARN_CONSTANT_CONVERSION = YES;
				CLANG_WARN_DEPRECATED_OBJC_IMPLEMENTATIONS = YES;
				CLANG_WARN_DIRECT_OBJC_ISA_USAGE = YES_ERROR;
				CLANG_WARN_DOCUMENTATION_COMMENTS = YES;
				CLANG_WARN_EMPTY_BODY = YES;
				CLANG_WARN_ENUM_CONVERSION = YES;
				CLANG_WARN_INFINITE_RECURSION = YES;
				CLANG_WARN_INT_CONVERSION = YES;
				CLANG_WARN_NON_LITERAL_NULL_CONVERSION = YES;
				CLANG_WARN_OBJC_IMPLICIT_RETAIN_SELF = YES;
				CLANG_WARN_OBJC_LITERAL_CONVERSION = YES;
				CLANG_WARN_OBJC_ROOT_CLASS = YES_ERROR;
				CLANG_WARN_QUOTED_INCLUDE_IN_FRAMEWORK_HEADER = YES;
				CLANG_WARN_RANGE_LOOP_ANALYSIS = YES;
				CLANG_WARN_STRICT_PROTOTYPES = YES;
				CLANG_WARN_SUSPICIOUS_MOVE = YES;
				CLANG_WARN_UNGUARDED_AVAILABILITY = YES_AGGRESSIVE;
				CLANG_WARN_UNREACHABLE_CODE = YES;
				CLANG_WARN__DUPLICATE_METHOD_MATCH = YES;
				COPY_PHASE_STRIP = NO;
				DEBUG_INFORMATION_FORMAT = "dwarf-with-dsym";
				ENABLE_NS_ASSERTIONS = NO;
				ENABLE_STRICT_OBJC_MSGSEND = YES;
				ENABLE_USER_SCRIPT_SANDBOXING = YES;
				GCC_C_LANGUAGE_STANDARD = gnu17;
				GCC_NO_COMMON_BLOCKS = YES;
				GCC_WARN_64_TO_32_BIT_CONVERSION = YES;
				GCC_WARN_ABOUT_RETURN_TYPE = YES_ERROR;
				GCC_WARN_UNDECLARED_SELECTOR = YES;
				GCC_WARN_UNINITIALIZED_AUTOS = YES_AGGRESSIVE;
				GCC_WARN_UNUSED_FUNCTION = YES;
				GCC_WARN_UNUSED_VARIABLE = YES;
				IPHONEOS_DEPLOYMENT_TARGET = 16.6;
				LOCALIZATION_PREFERS_STRING_CATALOGS = YES;
				MTL_ENABLE_DEBUG_INFO = NO;
				MTL_FAST_MATH = YES;
				SDKROOT = iphoneos;
				SWIFT_COMPILATION_MODE = wholemodule;
				VALIDATE_PRODUCT = YES;
			};
			name = Release;
		};
		DFA57A6F2D35214D001E785A /* Debug */ = {
			isa = XCBuildConfiguration;
			buildSettings = {
				ASSETCATALOG_COMPILER_APPICON_NAME = AppIcon;
				ASSETCATALOG_COMPILER_GLOBAL_ACCENT_COLOR_NAME = AccentColor;
				CODE_SIGN_ENTITLEMENTS = Patata/Patata.entitlements;
				CODE_SIGN_STYLE = Automatic;
				CURRENT_PROJECT_VERSION = 1;
				DEVELOPMENT_ASSET_PATHS = "\"Patata/Preview Content\"";
				DEVELOPMENT_TEAM = QQ67S8HZ4F;
				ENABLE_PREVIEWS = YES;
				GENERATE_INFOPLIST_FILE = YES;
				INFOPLIST_FILE = Patata/Info.plist;
				INFOPLIST_KEY_CFBundleDisplayName = Patata;
				INFOPLIST_KEY_NSLocationAlwaysAndWhenInUseUsageDescription = "사용자의 주변 장소를 보다 명시적으로 나타내기 위해 현재 위치 정보를 수집하여, 위치 정보는 앱 내에서만 사용되고 저장되지 않습니다.";
				INFOPLIST_KEY_NSLocationAlwaysUsageDescription = "사용자의 주변 장소를 보다 명시적으로 나타내기 위해 현재 위치 정보를 수집하여, 위치 정보는 앱 내에서만 사용되고 저장되지 않습니다.";
				INFOPLIST_KEY_NSLocationWhenInUseUsageDescription = "스팟 등록에 필요한 사진 선택을 위해 사진 접근 권한이 필요합니다. 선택하신 사진은 스팟 등록 용도로만 사용되며, 서버에 안전하게 저장됩니다.";
				INFOPLIST_KEY_NSPhotoLibraryUsageDescription = "사용자가 공유하고 싶은 장소의 사진을 업로드하여 새로운 스팟을 생성하기 위해 사진 접근 권한이 필요합니다. 선택한 사진은 스팟 정보와 함께 서버에 저장되어 다른 사용자들과 공유됩니다. 업로드된 사진은 스팟의 대표 이미지로 사용되며, 앱 내의 스팟 목록과 상세 페이지에서 표시됩니다.";
				INFOPLIST_KEY_UIApplicationSceneManifest_Generation = YES;
				INFOPLIST_KEY_UIApplicationSupportsIndirectInputEvents = YES;
				INFOPLIST_KEY_UILaunchScreen_Generation = YES;
				INFOPLIST_KEY_UISupportedInterfaceOrientations = UIInterfaceOrientationPortrait;
				INFOPLIST_KEY_UISupportedInterfaceOrientations_iPad = "UIInterfaceOrientationLandscapeLeft UIInterfaceOrientationLandscapeRight UIInterfaceOrientationPortrait UIInterfaceOrientationPortraitUpsideDown";
				INFOPLIST_KEY_UIUserInterfaceStyle = Light;
				IPHONEOS_DEPLOYMENT_TARGET = 16.0;
				LD_RUNPATH_SEARCH_PATHS = (
					"$(inherited)",
					"@executable_path/Frameworks",
				);
				MARKETING_VERSION = 1.0.0;
				PRODUCT_BUNDLE_IDENTIFIER = com.melon.Patata;
				PRODUCT_NAME = "$(TARGET_NAME)";
				SUPPORTED_PLATFORMS = "iphoneos iphonesimulator";
				SUPPORTS_MACCATALYST = NO;
				SUPPORTS_MAC_DESIGNED_FOR_IPHONE_IPAD = NO;
				SUPPORTS_XR_DESIGNED_FOR_IPHONE_IPAD = NO;
				SWIFT_EMIT_LOC_STRINGS = YES;
				SWIFT_VERSION = 5.0;
				TARGETED_DEVICE_FAMILY = 1;
			};
			name = Debug;
		};
		DFA57A702D35214D001E785A /* Release */ = {
			isa = XCBuildConfiguration;
			buildSettings = {
				ASSETCATALOG_COMPILER_APPICON_NAME = AppIcon;
				ASSETCATALOG_COMPILER_GLOBAL_ACCENT_COLOR_NAME = AccentColor;
				CODE_SIGN_ENTITLEMENTS = Patata/Patata.entitlements;
				CODE_SIGN_STYLE = Automatic;
				CURRENT_PROJECT_VERSION = 1;
				DEVELOPMENT_ASSET_PATHS = "\"Patata/Preview Content\"";
				DEVELOPMENT_TEAM = QQ67S8HZ4F;
				ENABLE_PREVIEWS = YES;
				GENERATE_INFOPLIST_FILE = YES;
				INFOPLIST_FILE = Patata/Info.plist;
				INFOPLIST_KEY_CFBundleDisplayName = Patata;
				INFOPLIST_KEY_NSLocationAlwaysAndWhenInUseUsageDescription = "사용자의 주변 장소를 보다 명시적으로 나타내기 위해 현재 위치 정보를 수집하여, 위치 정보는 앱 내에서만 사용되고 저장되지 않습니다.";
				INFOPLIST_KEY_NSLocationAlwaysUsageDescription = "사용자의 주변 장소를 보다 명시적으로 나타내기 위해 현재 위치 정보를 수집하여, 위치 정보는 앱 내에서만 사용되고 저장되지 않습니다.";
				INFOPLIST_KEY_NSLocationWhenInUseUsageDescription = "스팟 등록에 필요한 사진 선택을 위해 사진 접근 권한이 필요합니다. 선택하신 사진은 스팟 등록 용도로만 사용되며, 서버에 안전하게 저장됩니다.";
				INFOPLIST_KEY_NSPhotoLibraryUsageDescription = "사용자가 공유하고 싶은 장소의 사진을 업로드하여 새로운 스팟을 생성하기 위해 사진 접근 권한이 필요합니다. 선택한 사진은 스팟 정보와 함께 서버에 저장되어 다른 사용자들과 공유됩니다. 업로드된 사진은 스팟의 대표 이미지로 사용되며, 앱 내의 스팟 목록과 상세 페이지에서 표시됩니다.";
				INFOPLIST_KEY_UIApplicationSceneManifest_Generation = YES;
				INFOPLIST_KEY_UIApplicationSupportsIndirectInputEvents = YES;
				INFOPLIST_KEY_UILaunchScreen_Generation = YES;
				INFOPLIST_KEY_UISupportedInterfaceOrientations = UIInterfaceOrientationPortrait;
				INFOPLIST_KEY_UISupportedInterfaceOrientations_iPad = "UIInterfaceOrientationLandscapeLeft UIInterfaceOrientationLandscapeRight UIInterfaceOrientationPortrait UIInterfaceOrientationPortraitUpsideDown";
				INFOPLIST_KEY_UIUserInterfaceStyle = Light;
				IPHONEOS_DEPLOYMENT_TARGET = 16.0;
				LD_RUNPATH_SEARCH_PATHS = (
					"$(inherited)",
					"@executable_path/Frameworks",
				);
				MARKETING_VERSION = 1.0.0;
				PRODUCT_BUNDLE_IDENTIFIER = com.melon.Patata;
				PRODUCT_NAME = "$(TARGET_NAME)";
				SUPPORTED_PLATFORMS = "iphoneos iphonesimulator";
				SUPPORTS_MACCATALYST = NO;
				SUPPORTS_MAC_DESIGNED_FOR_IPHONE_IPAD = NO;
				SUPPORTS_XR_DESIGNED_FOR_IPHONE_IPAD = NO;
				SWIFT_EMIT_LOC_STRINGS = YES;
				SWIFT_VERSION = 5.0;
				TARGETED_DEVICE_FAMILY = 1;
			};
			name = Release;
		};
/* End XCBuildConfiguration section */

/* Begin XCConfigurationList section */
		DFA57A5B2D35214B001E785A /* Build configuration list for PBXProject "Patata" */ = {
			isa = XCConfigurationList;
			buildConfigurations = (
				DFA57A6C2D35214D001E785A /* Debug */,
				DFA57A6D2D35214D001E785A /* Release */,
			);
			defaultConfigurationIsVisible = 0;
			defaultConfigurationName = Release;
		};
		DFA57A6E2D35214D001E785A /* Build configuration list for PBXNativeTarget "Patata" */ = {
			isa = XCConfigurationList;
			buildConfigurations = (
				DFA57A6F2D35214D001E785A /* Debug */,
				DFA57A702D35214D001E785A /* Release */,
			);
			defaultConfigurationIsVisible = 0;
			defaultConfigurationName = Release;
		};
/* End XCConfigurationList section */

/* Begin XCRemoteSwiftPackageReference section */
		DF0715702D5B77B0001CFF31 /* XCRemoteSwiftPackageReference "realm-swift" */ = {
			isa = XCRemoteSwiftPackageReference;
			repositoryURL = "https://github.com/realm/realm-swift.git";
			requirement = {
				kind = exactVersion;
				version = 10.54.0;
			};
		};
		DF17648F2D5139F9003FA3B3 /* XCRemoteSwiftPackageReference "PopupView" */ = {
			isa = XCRemoteSwiftPackageReference;
			repositoryURL = "https://github.com/exyte/PopupView.git";
			requirement = {
				kind = upToNextMajorVersion;
				minimumVersion = 4.0.0;
			};
		};
		DF8D2B372D527EC10081561A /* XCRemoteSwiftPackageReference "swift-log" */ = {
			isa = XCRemoteSwiftPackageReference;
			repositoryURL = "https://github.com/apple/swift-log.git";
			requirement = {
				kind = upToNextMajorVersion;
				minimumVersion = 1.6.2;
			};
		};
		DF9D5F752D42572F00042314 /* XCRemoteSwiftPackageReference "SPM-NMapsMap" */ = {
			isa = XCRemoteSwiftPackageReference;
			repositoryURL = "https://github.com/navermaps/SPM-NMapsMap";
			requirement = {
				kind = upToNextMajorVersion;
				minimumVersion = 3.20.0;
			};
		};
		DFA57A7E2D3527E4001E785A /* XCRemoteSwiftPackageReference "Alamofire" */ = {
			isa = XCRemoteSwiftPackageReference;
			repositoryURL = "https://github.com/Alamofire/Alamofire.git";
			requirement = {
				kind = upToNextMajorVersion;
				minimumVersion = 5.10.2;
			};
		};
		DFA57A812D3527F4001E785A /* XCRemoteSwiftPackageReference "Kingfisher" */ = {
			isa = XCRemoteSwiftPackageReference;
			repositoryURL = "https://github.com/onevcat/Kingfisher.git";
			requirement = {
				kind = upToNextMajorVersion;
				minimumVersion = 8.1.3;
			};
		};
		DFA57A842D35282C001E785A /* XCRemoteSwiftPackageReference "swift-composable-architecture" */ = {
			isa = XCRemoteSwiftPackageReference;
			repositoryURL = "https://github.com/pointfreeco/swift-composable-architecture.git";
			requirement = {
				kind = upToNextMajorVersion;
				minimumVersion = 1.17.1;
			};
		};
		DFA57A872D352840001E785A /* XCRemoteSwiftPackageReference "TCACoordinators" */ = {
			isa = XCRemoteSwiftPackageReference;
			repositoryURL = "https://github.com/johnpatrickmorgan/TCACoordinators";
			requirement = {
				kind = upToNextMajorVersion;
				minimumVersion = 0.10.1;
			};
		};
		DFA57A8F2D355A13001E785A /* XCRemoteSwiftPackageReference "GoogleSignIn-iOS" */ = {
			isa = XCRemoteSwiftPackageReference;
			repositoryURL = "https://github.com/google/GoogleSignIn-iOS";
			requirement = {
				kind = upToNextMajorVersion;
				minimumVersion = 8.0.0;
			};
		};
/* End XCRemoteSwiftPackageReference section */

/* Begin XCSwiftPackageProductDependency section */
		DF0715712D5B77B0001CFF31 /* RealmSwift */ = {
			isa = XCSwiftPackageProductDependency;
			package = DF0715702D5B77B0001CFF31 /* XCRemoteSwiftPackageReference "realm-swift" */;
			productName = RealmSwift;
		};
		DF1764902D5139F9003FA3B3 /* PopupView */ = {
			isa = XCSwiftPackageProductDependency;
			package = DF17648F2D5139F9003FA3B3 /* XCRemoteSwiftPackageReference "PopupView" */;
			productName = PopupView;
		};
		DF8D2B382D527EC10081561A /* Logging */ = {
			isa = XCSwiftPackageProductDependency;
			package = DF8D2B372D527EC10081561A /* XCRemoteSwiftPackageReference "swift-log" */;
			productName = Logging;
		};
		DF9D5F762D42572F00042314 /* NMapsMap */ = {
			isa = XCSwiftPackageProductDependency;
			package = DF9D5F752D42572F00042314 /* XCRemoteSwiftPackageReference "SPM-NMapsMap" */;
			productName = NMapsMap;
		};
		DFA57A7F2D3527E4001E785A /* Alamofire */ = {
			isa = XCSwiftPackageProductDependency;
			package = DFA57A7E2D3527E4001E785A /* XCRemoteSwiftPackageReference "Alamofire" */;
			productName = Alamofire;
		};
		DFA57A822D3527F4001E785A /* Kingfisher */ = {
			isa = XCSwiftPackageProductDependency;
			package = DFA57A812D3527F4001E785A /* XCRemoteSwiftPackageReference "Kingfisher" */;
			productName = Kingfisher;
		};
		DFA57A852D35282C001E785A /* ComposableArchitecture */ = {
			isa = XCSwiftPackageProductDependency;
			package = DFA57A842D35282C001E785A /* XCRemoteSwiftPackageReference "swift-composable-architecture" */;
			productName = ComposableArchitecture;
		};
		DFA57A882D352840001E785A /* TCACoordinators */ = {
			isa = XCSwiftPackageProductDependency;
			package = DFA57A872D352840001E785A /* XCRemoteSwiftPackageReference "TCACoordinators" */;
			productName = TCACoordinators;
		};
		DFA57A902D355A13001E785A /* GoogleSignIn */ = {
			isa = XCSwiftPackageProductDependency;
			package = DFA57A8F2D355A13001E785A /* XCRemoteSwiftPackageReference "GoogleSignIn-iOS" */;
			productName = GoogleSignIn;
		};
		DFA57A922D355A13001E785A /* GoogleSignInSwift */ = {
			isa = XCSwiftPackageProductDependency;
			package = DFA57A8F2D355A13001E785A /* XCRemoteSwiftPackageReference "GoogleSignIn-iOS" */;
			productName = GoogleSignInSwift;
		};
/* End XCSwiftPackageProductDependency section */
	};
	rootObject = DFA57A582D35214B001E785A /* Project object */;
}
